
Microsoft Visual Studio Solution File, Format Version 12.00
# Visual Studio 15
VisualStudioVersion = 15.0.28307.572
MinimumVisualStudioVersion = 10.0.40219.1
Project("{FAE04EC0-301F-11D3-BF4B-00C04F79EFBC}") = "QuizOriginal", "QuizOriginal\QuizOriginal.csproj", "{337F6F57-4FD1-4BA5-9FDD-EA7EBF334523}"
EndProject
Global
	GlobalSection(SolutionConfigurationPlatforms) = preSolution
		Debug|Any CPU = Debug|Any CPU
		Release|Any CPU = Release|Any CPU
	EndGlobalSection
	GlobalSection(ProjectConfigurationPlatforms) = postSolution
		{337F6F57-4FD1-4BA5-9FDD-EA7EBF334523}.Debug|Any CPU.ActiveCfg = Debug|Any CPU
		{337F6F57-4FD1-4BA5-9FDD-EA7EBF334523}.Debug|Any CPU.Build.0 = Debug|Any CPU
		{337F6F57-4FD1-4BA5-9FDD-EA7EBF334523}.Release|Any CPU.ActiveCfg = Release|Any CPU
		{337F6F57-4FD1-4BA5-9FDD-EA7EBF334523}.Release|Any CPU.Build.0 = Release|Any CPU
	EndGlobalSection
	GlobalSection(SolutionProperties) = preSolution
		HideSolutionNode = FALSE
	EndGlobalSection
	GlobalSection(ExtensibilityGlobals) = postSolution
		SolutionGuid = {11153E55-4297-4748-92A0-19C5F80B1358}
	EndGlobalSection
EndGlobal
